
Microsoft Visual Studio Solution File, Format Version 11.00
# Visual Studio 2010
Project("{FAE04EC0-301F-11D3-BF4B-00C04F79EFBC}") = "Drumroll", "Drumroll.csproj", "{8405A9B9-23F5-4289-B6D3-9C64D57DAE5D}"
EndProject
Global
	GlobalSection(SolutionConfigurationPlatforms) = preSolution
		Debug|Any CPU = Debug|Any CPU
		Release|Any CPU = Release|Any CPU
	EndGlobalSection
	GlobalSection(ProjectConfigurationPlatforms) = postSolution
		{8405A9B9-23F5-4289-B6D3-9C64D57DAE5D}.Debug|Any CPU.ActiveCfg = Debug|Any CPU
		{8405A9B9-23F5-4289-B6D3-9C64D57DAE5D}.Debug|Any CPU.Build.0 = Debug|Any CPU
		{8405A9B9-23F5-4289-B6D3-9C64D57DAE5D}.Release|Any CPU.ActiveCfg = Release|Any CPU
		{8405A9B9-23F5-4289-B6D3-9C64D57DAE5D}.Release|Any CPU.Build.0 = Release|Any CPU
	EndGlobalSection
	GlobalSection(SolutionProperties) = preSolution
		HideSolutionNode = FALSE
	EndGlobalSection
EndGlobal
