
Microsoft Visual Studio Solution File, Format Version 9.00
# Visual Studio 2005
Project("{FAE04EC0-301F-11D3-BF4B-00C04F79EFBC}") = "ServiceRoutineTabs", "ServiceRoutineTabs.csproj", "{CF65E2FC-CCC3-4655-A280-B4E3B28CCC3B}"
EndProject
Global
	GlobalSection(SolutionConfigurationPlatforms) = preSolution
		Debug|Any CPU = Debug|Any CPU
		Release|Any CPU = Release|Any CPU
	EndGlobalSection
	GlobalSection(ProjectConfigurationPlatforms) = postSolution
		{CF65E2FC-CCC3-4655-A280-B4E3B28CCC3B}.Debug|Any CPU.ActiveCfg = Debug|Any CPU
		{CF65E2FC-CCC3-4655-A280-B4E3B28CCC3B}.Debug|Any CPU.Build.0 = Debug|Any CPU
		{CF65E2FC-CCC3-4655-A280-B4E3B28CCC3B}.Release|Any CPU.ActiveCfg = Release|Any CPU
		{CF65E2FC-CCC3-4655-A280-B4E3B28CCC3B}.Release|Any CPU.Build.0 = Release|Any CPU
	EndGlobalSection
	GlobalSection(SolutionProperties) = preSolution
		HideSolutionNode = FALSE
	EndGlobalSection
EndGlobal
