
Microsoft Visual Studio Solution File, Format Version 11.00
# Visual Studio 2010
Project("{FAE04EC0-301F-11D3-BF4B-00C04F79EFBC}") = "Softing.Dts", "Softing.Dts.csproj", "{EBF75D4A-5FA4-457D-BD8A-8B8B0834141C}"
EndProject
Global
	GlobalSection(SolutionConfigurationPlatforms) = preSolution
		Debug|Any CPU = Debug|Any CPU
		Release|Any CPU = Release|Any CPU
	EndGlobalSection
	GlobalSection(ProjectConfigurationPlatforms) = postSolution
		{EBF75D4A-5FA4-457D-BD8A-8B8B0834141C}.Debug|Any CPU.ActiveCfg = Debug|Any CPU
		{EBF75D4A-5FA4-457D-BD8A-8B8B0834141C}.Debug|Any CPU.Build.0 = Debug|Any CPU
		{EBF75D4A-5FA4-457D-BD8A-8B8B0834141C}.Release|Any CPU.ActiveCfg = Release|Any CPU
		{EBF75D4A-5FA4-457D-BD8A-8B8B0834141C}.Release|Any CPU.Build.0 = Release|Any CPU
	EndGlobalSection
	GlobalSection(SolutionProperties) = preSolution
		HideSolutionNode = FALSE
	EndGlobalSection
EndGlobal
