
Microsoft Visual Studio Solution File, Format Version 11.00
# Visual Studio 2010
Project("{FAE04EC0-301F-11D3-BF4B-00C04F79EFBC}") = "Parameters", "Parameters.csproj", "{D456BF6D-E88F-44A4-8EE7-4C20B1016639}"
EndProject
Global
	GlobalSection(SolutionConfigurationPlatforms) = preSolution
		Debug|Any CPU = Debug|Any CPU
		Release|Any CPU = Release|Any CPU
	EndGlobalSection
	GlobalSection(ProjectConfigurationPlatforms) = postSolution
		{D456BF6D-E88F-44A4-8EE7-4C20B1016639}.Debug|Any CPU.ActiveCfg = Debug|Any CPU
		{D456BF6D-E88F-44A4-8EE7-4C20B1016639}.Debug|Any CPU.Build.0 = Debug|Any CPU
		{D456BF6D-E88F-44A4-8EE7-4C20B1016639}.Release|Any CPU.ActiveCfg = Release|Any CPU
		{D456BF6D-E88F-44A4-8EE7-4C20B1016639}.Release|Any CPU.Build.0 = Release|Any CPU
	EndGlobalSection
	GlobalSection(SolutionProperties) = preSolution
		HideSolutionNode = FALSE
	EndGlobalSection
EndGlobal
